# This file is autogenerated, do not edit; changes may be undone by the next 'dep ensure'.


[[projects]]
  branch = "master"
  digest = "1:b02e5e3f836f077a3249d1dfe3c57d305e007f71a98f2e69c170a2dd8d2b266c"
  name = "github.com/AndreasBriese/bbloom"
  packages = ["."]
  pruneopts = "UT"
  revision = "343706a395b76e5ca5c7dca46a5d937b48febc74"

[[projects]]
  digest = "1:72fff13e105db55c6d4b1acb69216b88d9d3009433f43d7df3488f842b0b6929"
  name = "github.com/RoaringBitmap/roaring"
  packages = ["."]
  pruneopts = "UT"
  revision = "3d677d3262197ee558b85029301eb69b8239f91a"
  version = "v0.4.16"

[[projects]]
  branch = "master"
  digest = "1:b91115601afcb5d57e4d5057bc7b1489266cb8f5388f2021be268f1012df6193"
  name = "github.com/blevesearch/bleve"
  packages = [
    ".",
    "analysis",
    "analysis/analyzer/standard",
    "analysis/datetime/flexible",
    "analysis/datetime/optional",
    "analysis/lang/en",
    "analysis/token/lowercase",
    "analysis/token/porter",
    "analysis/token/stop",
    "analysis/tokenizer/unicode",
    "document",
    "geo",
    "index",
    "index/scorch",
    "index/scorch/mergeplan",
    "index/scorch/segment",
    "index/scorch/segment/zap",
    "index/store",
    "index/store/boltdb",
    "index/store/gtreap",
    "index/store/test",
    "index/upsidedown",
    "mapping",
    "numeric",
    "registry",
    "search",
    "search/collector",
    "search/facet",
    "search/highlight",
    "search/highlight/format/html",
    "search/highlight/fragmenter/simple",
    "search/highlight/highlighter/html",
    "search/highlight/highlighter/simple",
    "search/query",
    "search/scorer",
    "search/searcher",
    "size",
  ]
  pruneopts = "UT"
  revision = "d72521093e14a38cb92e22042aed18ca7a1e8fd4"

[[projects]]
  branch = "master"
  digest = "1:d9acc55e5a09863e9ae556c3e28f3703e94a3fc50a5a8b8dcb4bb02f913541c9"
  name = "github.com/blevesearch/go-porterstemmer"
  packages = ["."]
  pruneopts = "UT"
  revision = "23a2c8e5cf1f380f27722c6d2ae8896431dc7d0e"

[[projects]]
  digest = "1:15330cc03ff3465f79883a77312e65137fb79e0a4faef446d2dc6b8f71d54c42"
  name = "github.com/blevesearch/segment"
  packages = ["."]
  pruneopts = "UT"
  revision = "db70c57796cc8c310613541dfade3dce627d09c7"

[[projects]]
  digest = "1:8a94a15cd36028e52e4acb843458efb7c8e4a06795591f47f8e4e436a7320459"
  name = "github.com/boltdb/bolt"
  packages = ["."]
  pruneopts = "UT"
  revision = "9da31745363232bc1e27dbab3569e77383a51585"

[[projects]]
  branch = "master"
  digest = "1:e484c6f8937a2f374c36c0832c36719b7691934574a69613dabe8332f278af0b"
  name = "github.com/couchbase/vellum"
  packages = [
    ".",
    "levenshtein2",
    "regexp",
    "utf8",
  ]
  pruneopts = "UT"
  revision = "e91b68ff3efe3cc11723aa25dd315cbc9276cd65"

[[projects]]
  digest = "1:5f5090f05382959db941fa45acbeb7f4c5241aa8ac0f8f4393dec696e5953f53"
  name = "github.com/dgraph-io/badger"
  packages = [
    ".",
    "options",
    "protos",
    "skl",
    "table",
    "y",
  ]
  pruneopts = "UT"
  revision = "99233d725dbdd26d156c61b2f42ae1671b794656"
  version = "v1.5.4"

[[projects]]
  branch = "master"
  digest = "1:ea678afd6431e09f84a56fc6915ccab9189ddd1379fed997e1433ead9586c50b"
  name = "github.com/dgryski/go-farm"
  packages = ["."]
  pruneopts = "UT"
  revision = "3adb47b1fb0f6d9efcc5051a6c62e2e413ac85a9"

[[projects]]
  digest = "1:edb569dd02419a41ddd98768cc0e7aec922ef19dae139731e5ca750afcf6f4c5"
  name = "github.com/edsrzf/mmap-go"
  packages = ["."]
  pruneopts = "UT"
  revision = "188cc3b666ba704534fa4f96e9e61f21f1e1ba7c"
  version = "v1.0.0"

[[projects]]
  branch = "master"
  digest = "1:dc925a7d0f70e394be6a79f060b06dfdecfabdc88cfd1cfa1c9d9462c6edca1f"
  name = "github.com/glycerine/go-unsnap-stream"
  packages = ["."]
  pruneopts = "UT"
  revision = "f9677308dec2b35e76737f9713df328ad11b1fea"

[[projects]]
  digest = "1:97df918963298c287643883209a2c3f642e6593379f97ab400c2a2e219ab647d"
  name = "github.com/golang/protobuf"
  packages = ["proto"]
  pruneopts = "UT"
  revision = "aa810b61a9c79d51363740d207bb46cf8e620ed5"
  version = "v1.2.0"

[[projects]]
  digest = "1:ffcba3b8daaaa29dd382bf24b62c5fce691de087a03dde25ed03b1dd02b8c6a8"
  name = "github.com/golang/snappy"
  packages = ["."]
  pruneopts = "UT"
  revision = "cef980a12b316c5b7e5bb3a8e168eb43ae999a88"

[[projects]]
  branch = "master"
  digest = "1:c22fdadfe2de0e1df75987cac34f1c721157dc24f180c76b4ef66a3c9637a799"
  name = "github.com/mschoch/smat"
  packages = ["."]
  pruneopts = "UT"
  revision = "90eadee771aeab36e8bf796039b8c261bebebe4f"

[[projects]]
  digest = "1:5e73b34a27d827212102605789de00bd411b2e434812133c83935fe9897c75e1"
  name = "github.com/philhofer/fwd"
  packages = ["."]
  pruneopts = "UT"
  revision = "bb6d471dc95d4fe11e432687f8b70ff496cf3136"
  version = "v1.0.0"

[[projects]]
  digest = "1:cf31692c14422fa27c83a05292eb5cbe0fb2775972e8f1f8446a71549bd8980b"
  name = "github.com/pkg/errors"
  packages = ["."]
  pruneopts = "UT"
  revision = "ba968bfe8b2f7e042a574c888954fccecfa385b4"
  version = "v0.8.1"

[[projects]]
  branch = "master"
  digest = "1:970bd01f655c6e4cf6d335aadded53eca531d3d856f7de61eebe6fc253552b49"
  name = "github.com/steveyen/gtreap"
  packages = ["."]
  pruneopts = "UT"
  revision = "0abe01ef9be25c4aedc174758ec2d917314d6d70"

[[projects]]
  digest = "1:c97e8a5e5c435c3287f581cdb4441ba34577ec6ead8422bfedafa6269af7abf6"
  name = "github.com/tinylib/msgp"
  packages = ["msgp"]
  pruneopts = "UT"
  revision = "af6442a0fcf6e2a1b824f70dd0c734f01e817751"
  version = "v1.1.0"

[[projects]]
  digest = "1:542c6a724e70496d05fb3b40c45857fc0e353ed5f1c0ec4567fcf54c2f3b9619"
  name = "github.com/willf/bitset"
  packages = ["."]
  pruneopts = "UT"
  revision = "5c3c0fce48842b2c0bbaa99b4e61b0175d84b47c"

[[projects]]
  digest = "1:ac85f1a28d9d7010a9ced7ccce1dd86430b3cdadbffe1cfbf129fadabc3c1108"
  name = "golang.org/x/net"
  packages = [
    "context",
    "internal/timeseries",
    "trace",
  ]
  pruneopts = "UT"
  revision = "e45385e9b226f570b1f086bf287b25d3d4117776"

[[projects]]
  branch = "master"
  digest = "1:bb644db32f5bc1e327a0f748ec871edc4dc46f19b4fbbc15bfd95b1460646537"
  name = "golang.org/x/sys"
  packages = [
    "unix",
    "windows",
  ]
  pruneopts = "UT"
  revision = "b90733256f2e882e81d52f9126de08df5615afd9"

[solve-meta]
  analyzer-name = "dep"
  analyzer-version = 1
  input-imports = [
    "github.com/blevesearch/bleve",
    "github.com/blevesearch/bleve/index/store",
    "github.com/blevesearch/bleve/index/store/test",
    "github.com/blevesearch/bleve/mapping",
    "github.com/blevesearch/bleve/registry",
    "github.com/dgraph-io/badger",
    "github.com/dgraph-io/badger/options",
  ]
  solver-name = "gps-cdcl"
  solver-version = 1
